// !$*UTF8*$!
{
	archiveVersion = 1;
	classes = {
	};
	objectVersion = 46;
	objects = {

/* Begin PBXBuildFile section */
		13325B7C1DF8E3140043F5CD /* LPGPUKMeans.swift in Sources */ = {isa = PBXBuildFile; fileRef = 13325B7B1DF8E3140043F5CD /* LPGPUKMeans.swift */; };
		2D0D0C4C1DEA4E96008B35A6 /* LPMetalContext.swift in Sources */ = {isa = PBXBuildFile; fileRef = 2D0D0C4B1DEA4E96008B35A6 /* LPMetalContext.swift */; };
		2D0D0C4E1DEA5B07008B35A6 /* PerformanceTests.swift in Sources */ = {isa = PBXBuildFile; fileRef = 2D0D0C4D1DEA5B07008B35A6 /* PerformanceTests.swift */; };
		2D0D0C511DEA7092008B35A6 /* seaSideTest.jpg in Resources */ = {isa = PBXBuildFile; fileRef = 2D0D0C501DEA7092008B35A6 /* seaSideTest.jpg */; };
		2D1FBF121DF3919E0010658B /* LPImageSegment.swift in Sources */ = {isa = PBXBuildFile; fileRef = 13578B5E1DEE9823002A8CF8 /* LPImageSegment.swift */; };
		2D3C5DEC1DED561C00C3D4E6 /* LPFilters.metal in Sources */ = {isa = PBXBuildFile; fileRef = 2D3C5DEB1DED561B00C3D4E6 /* LPFilters.metal */; };
		2D60A0001DEFB5DB0098AD9A /* LPColorUtils.swift in Sources */ = {isa = PBXBuildFile; fileRef = 2D609FFF1DEFB5DB0098AD9A /* LPColorUtils.swift */; };
		2D72DA221DEE87890028D1CF /* LPGPUImageFilter.swift in Sources */ = {isa = PBXBuildFile; fileRef = 2D72DA211DEE87890028D1CF /* LPGPUImageFilter.swift */; };
		2D72DA241DEEA5A70028D1CF /* LPKMeans.swift in Sources */ = {isa = PBXBuildFile; fileRef = 2D72DA231DEEA5A70028D1CF /* LPKMeans.swift */; };
		2D8B27821DF8D99700D538FF /* LPKMeans.metal in Sources */ = {isa = PBXBuildFile; fileRef = 2D8B27811DF8D99700D538FF /* LPKMeans.metal */; };
		B8600CAE1DDD78DA0019B31E /* img2col.swift in Sources */ = {isa = PBXBuildFile; fileRef = B8600CAD1DDD78DA0019B31E /* img2col.swift */; };
		B8600CB01DDD807A0019B31E /* Img2ColTests.swift in Sources */ = {isa = PBXBuildFile; fileRef = B8600CAF1DDD807A0019B31E /* Img2ColTests.swift */; };
		B8600CB11DDD88EE0019B31E /* LPPixel.swift in Sources */ = {isa = PBXBuildFile; fileRef = CC08BF201DDBCDE600F82684 /* LPPixel.swift */; };
		B8D3483C1DDEABE8005D56BF /* img2col.swift in Sources */ = {isa = PBXBuildFile; fileRef = B8600CAD1DDD78DA0019B31E /* img2col.swift */; };
		CC08BF211DDBCDE600F82684 /* LPPixel.swift in Sources */ = {isa = PBXBuildFile; fileRef = CC08BF201DDBCDE600F82684 /* LPPixel.swift */; };
		CC10A0791DD441D500C1ED90 /* Lepton.h in Headers */ = {isa = PBXBuildFile; fileRef = CC10A0781DD441D500C1ED90 /* Lepton.h */; settings = {ATTRIBUTES = (Public, ); }; };
		CC10A0801DD441D500C1ED90 /* Lepton.framework in Frameworks */ = {isa = PBXBuildFile; fileRef = CC10A0751DD441D500C1ED90 /* Lepton.framework */; };
		CC10A0851DD441D500C1ED90 /* LeptonTests.swift in Sources */ = {isa = PBXBuildFile; fileRef = CC10A0841DD441D500C1ED90 /* LeptonTests.swift */; };
		CC22601B1DDE545B00A7D582 /* SurgeArithmetic.swift in Sources */ = {isa = PBXBuildFile; fileRef = CCB2FFBC1DDD7BAB005A297C /* SurgeArithmetic.swift */; };
		CC22601C1DDE548600A7D582 /* SurgeArithmetic.swift in Sources */ = {isa = PBXBuildFile; fileRef = CCB2FFBC1DDD7BAB005A297C /* SurgeArithmetic.swift */; };
		CC22601D1DDE548A00A7D582 /* SurgeExponential.swift in Sources */ = {isa = PBXBuildFile; fileRef = CCB2FFBE1DDD7BDE005A297C /* SurgeExponential.swift */; };
		CC22601E1DDE548F00A7D582 /* SurgeMatrix.swift in Sources */ = {isa = PBXBuildFile; fileRef = CCB2FFBA1DDD7AE7005A297C /* SurgeMatrix.swift */; };
		CC22601F1DDE548F00A7D582 /* SurgePow.swift in Sources */ = {isa = PBXBuildFile; fileRef = CCB2FFC01DDD7C0C005A297C /* SurgePow.swift */; };
		CCB2FFBB1DDD7AE7005A297C /* SurgeMatrix.swift in Sources */ = {isa = PBXBuildFile; fileRef = CCB2FFBA1DDD7AE7005A297C /* SurgeMatrix.swift */; };
		CCB2FFBF1DDD7BDE005A297C /* SurgeExponential.swift in Sources */ = {isa = PBXBuildFile; fileRef = CCB2FFBE1DDD7BDE005A297C /* SurgeExponential.swift */; };
		CCB2FFC11DDD7C0C005A297C /* SurgePow.swift in Sources */ = {isa = PBXBuildFile; fileRef = CCB2FFC01DDD7C0C005A297C /* SurgePow.swift */; };
		CCEE3C2F1DDAA83D00524F6F /* LPEngine.swift in Sources */ = {isa = PBXBuildFile; fileRef = CCEE3C2E1DDAA83D00524F6F /* LPEngine.swift */; };
		CCEE3C301DDAA83D00524F6F /* LPEngine.swift in Sources */ = {isa = PBXBuildFile; fileRef = CCEE3C2E1DDAA83D00524F6F /* LPEngine.swift */; };
		CCEE3C321DDAA8C600524F6F /* LPImageFilter.swift in Sources */ = {isa = PBXBuildFile; fileRef = CCEE3C311DDAA8C600524F6F /* LPImageFilter.swift */; };
		CCEE3C331DDAA8C600524F6F /* LPImageFilter.swift in Sources */ = {isa = PBXBuildFile; fileRef = CCEE3C311DDAA8C600524F6F /* LPImageFilter.swift */; };
/* End PBXBuildFile section */

/* Begin PBXContainerItemProxy section */
		CC10A0811DD441D500C1ED90 /* PBXContainerItemProxy */ = {
			isa = PBXContainerItemProxy;
			containerPortal = CC10A06C1DD441D500C1ED90 /* Project object */;
			proxyType = 1;
			remoteGlobalIDString = CC10A0741DD441D500C1ED90;
			remoteInfo = Lepton;
		};
/* End PBXContainerItemProxy section */

/* Begin PBXFileReference section */
		13325B7B1DF8E3140043F5CD /* LPGPUKMeans.swift */ = {isa = PBXFileReference; fileEncoding = 4; lastKnownFileType = sourcecode.swift; path = LPGPUKMeans.swift; sourceTree = "<group>"; };
		13578B5E1DEE9823002A8CF8 /* LPImageSegment.swift */ = {isa = PBXFileReference; fileEncoding = 4; lastKnownFileType = sourcecode.swift; path = LPImageSegment.swift; sourceTree = "<group>"; };
		2D0D0C4B1DEA4E96008B35A6 /* LPMetalContext.swift */ = {isa = PBXFileReference; fileEncoding = 4; lastKnownFileType = sourcecode.swift; path = LPMetalContext.swift; sourceTree = "<group>"; };
		2D0D0C4D1DEA5B07008B35A6 /* PerformanceTests.swift */ = {isa = PBXFileReference; fileEncoding = 4; lastKnownFileType = sourcecode.swift; path = PerformanceTests.swift; sourceTree = "<group>"; };
		2D0D0C501DEA7092008B35A6 /* seaSideTest.jpg */ = {isa = PBXFileReference; lastKnownFileType = image.jpeg; path = seaSideTest.jpg; sourceTree = "<group>"; };
		2D3C5DEB1DED561B00C3D4E6 /* LPFilters.metal */ = {isa = PBXFileReference; fileEncoding = 4; lastKnownFileType = sourcecode.metal; path = LPFilters.metal; sourceTree = "<group>"; };
		2D609FFF1DEFB5DB0098AD9A /* LPColorUtils.swift */ = {isa = PBXFileReference; fileEncoding = 4; lastKnownFileType = sourcecode.swift; path = LPColorUtils.swift; sourceTree = "<group>"; };
		2D72DA211DEE87890028D1CF /* LPGPUImageFilter.swift */ = {isa = PBXFileReference; fileEncoding = 4; lastKnownFileType = sourcecode.swift; path = LPGPUImageFilter.swift; sourceTree = "<group>"; };
		2D72DA231DEEA5A70028D1CF /* LPKMeans.swift */ = {isa = PBXFileReference; fileEncoding = 4; lastKnownFileType = sourcecode.swift; path = LPKMeans.swift; sourceTree = "<group>"; };
		2D8B27811DF8D99700D538FF /* LPKMeans.metal */ = {isa = PBXFileReference; fileEncoding = 4; lastKnownFileType = sourcecode.metal; path = LPKMeans.metal; sourceTree = "<group>"; };
		B8600CAD1DDD78DA0019B31E /* img2col.swift */ = {isa = PBXFileReference; fileEncoding = 4; lastKnownFileType = sourcecode.swift; path = img2col.swift; sourceTree = "<group>"; };
		B8600CAF1DDD807A0019B31E /* Img2ColTests.swift */ = {isa = PBXFileReference; fileEncoding = 4; lastKnownFileType = sourcecode.swift; path = Img2ColTests.swift; sourceTree = "<group>"; };
		CC08BF201DDBCDE600F82684 /* LPPixel.swift */ = {isa = PBXFileReference; fileEncoding = 4; lastKnownFileType = sourcecode.swift; path = LPPixel.swift; sourceTree = "<group>"; };
		CC10A0751DD441D500C1ED90 /* Lepton.framework */ = {isa = PBXFileReference; explicitFileType = wrapper.framework; includeInIndex = 0; path = Lepton.framework; sourceTree = BUILT_PRODUCTS_DIR; };
		CC10A0781DD441D500C1ED90 /* Lepton.h */ = {isa = PBXFileReference; lastKnownFileType = sourcecode.c.h; path = Lepton.h; sourceTree = "<group>"; };
		CC10A07A1DD441D500C1ED90 /* Info.plist */ = {isa = PBXFileReference; lastKnownFileType = text.plist.xml; path = Info.plist; sourceTree = "<group>"; };
		CC10A07F1DD441D500C1ED90 /* LeptonTests.xctest */ = {isa = PBXFileReference; explicitFileType = wrapper.cfbundle; includeInIndex = 0; path = LeptonTests.xctest; sourceTree = BUILT_PRODUCTS_DIR; };
		CC10A0841DD441D500C1ED90 /* LeptonTests.swift */ = {isa = PBXFileReference; lastKnownFileType = sourcecode.swift; path = LeptonTests.swift; sourceTree = "<group>"; };
		CC10A0861DD441D500C1ED90 /* Info.plist */ = {isa = PBXFileReference; lastKnownFileType = text.plist.xml; path = Info.plist; sourceTree = "<group>"; };
		CCB2FFBA1DDD7AE7005A297C /* SurgeMatrix.swift */ = {isa = PBXFileReference; fileEncoding = 4; lastKnownFileType = sourcecode.swift; path = SurgeMatrix.swift; sourceTree = "<group>"; };
		CCB2FFBC1DDD7BAB005A297C /* SurgeArithmetic.swift */ = {isa = PBXFileReference; fileEncoding = 4; lastKnownFileType = sourcecode.swift; path = SurgeArithmetic.swift; sourceTree = "<group>"; };
		CCB2FFBE1DDD7BDE005A297C /* SurgeExponential.swift */ = {isa = PBXFileReference; fileEncoding = 4; lastKnownFileType = sourcecode.swift; path = SurgeExponential.swift; sourceTree = "<group>"; };
		CCB2FFC01DDD7C0C005A297C /* SurgePow.swift */ = {isa = PBXFileReference; fileEncoding = 4; lastKnownFileType = sourcecode.swift; path = SurgePow.swift; sourceTree = "<group>"; };
		CCEE3C2E1DDAA83D00524F6F /* LPEngine.swift */ = {isa = PBXFileReference; fileEncoding = 4; lastKnownFileType = sourcecode.swift; path = LPEngine.swift; sourceTree = "<group>"; };
		CCEE3C311DDAA8C600524F6F /* LPImageFilter.swift */ = {isa = PBXFileReference; fileEncoding = 4; lastKnownFileType = sourcecode.swift; path = LPImageFilter.swift; sourceTree = "<group>"; };
/* End PBXFileReference section */

/* Begin PBXFrameworksBuildPhase section */
		CC10A0711DD441D500C1ED90 /* Frameworks */ = {
			isa = PBXFrameworksBuildPhase;
			buildActionMask = 2147483647;
			files = (
			);
			runOnlyForDeploymentPostprocessing = 0;
		};
		CC10A07C1DD441D500C1ED90 /* Frameworks */ = {
			isa = PBXFrameworksBuildPhase;
			buildActionMask = 2147483647;
			files = (
				CC10A0801DD441D500C1ED90 /* Lepton.framework in Frameworks */,
			);
			runOnlyForDeploymentPostprocessing = 0;
		};
/* End PBXFrameworksBuildPhase section */

/* Begin PBXGroup section */
		2D0D0C4A1DEA3275008B35A6 /* Metal */ = {
			isa = PBXGroup;
			children = (
				2D0D0C4B1DEA4E96008B35A6 /* LPMetalContext.swift */,
				2D72DA211DEE87890028D1CF /* LPGPUImageFilter.swift */,
				13325B7B1DF8E3140043F5CD /* LPGPUKMeans.swift */,
			);
			name = Metal;
			sourceTree = "<group>";
		};
		CC10A06B1DD441D500C1ED90 = {
			isa = PBXGroup;
			children = (
				CC10A0771DD441D500C1ED90 /* Lepton */,
				CC10A0831DD441D500C1ED90 /* LeptonTests */,
				CC10A0761DD441D500C1ED90 /* Products */,
			);
			sourceTree = "<group>";
		};
		CC10A0761DD441D500C1ED90 /* Products */ = {
			isa = PBXGroup;
			children = (
				CC10A0751DD441D500C1ED90 /* Lepton.framework */,
				CC10A07F1DD441D500C1ED90 /* LeptonTests.xctest */,
			);
			name = Products;
			sourceTree = "<group>";
		};
		CC10A0771DD441D500C1ED90 /* Lepton */ = {
			isa = PBXGroup;
			children = (
				2D0D0C4A1DEA3275008B35A6 /* Metal */,
				CCB2FFB91DDD7AD7005A297C /* Utils */,
				CC10A0781DD441D500C1ED90 /* Lepton.h */,
				2D3C5DEB1DED561B00C3D4E6 /* LPFilters.metal */,
				CCEE3C2E1DDAA83D00524F6F /* LPEngine.swift */,
				CCEE3C311DDAA8C600524F6F /* LPImageFilter.swift */,
				CC08BF201DDBCDE600F82684 /* LPPixel.swift */,
				CC10A07A1DD441D500C1ED90 /* Info.plist */,
				B8600CAD1DDD78DA0019B31E /* img2col.swift */,
				13578B5E1DEE9823002A8CF8 /* LPImageSegment.swift */,
				2D8B27811DF8D99700D538FF /* LPKMeans.metal */,
			);
			path = Lepton;
			sourceTree = "<group>";
		};
		CC10A0831DD441D500C1ED90 /* LeptonTests */ = {
			isa = PBXGroup;
			children = (
				CC10A0841DD441D500C1ED90 /* LeptonTests.swift */,
				CC10A0861DD441D500C1ED90 /* Info.plist */,
				2D0D0C501DEA7092008B35A6 /* seaSideTest.jpg */,
				B8600CAF1DDD807A0019B31E /* Img2ColTests.swift */,
				2D0D0C4D1DEA5B07008B35A6 /* PerformanceTests.swift */,
			);
			path = LeptonTests;
			sourceTree = "<group>";
		};
		CCB2FFB91DDD7AD7005A297C /* Utils */ = {
			isa = PBXGroup;
			children = (
				2D609FFF1DEFB5DB0098AD9A /* LPColorUtils.swift */,
				CCB2FFBA1DDD7AE7005A297C /* SurgeMatrix.swift */,
				CCB2FFC01DDD7C0C005A297C /* SurgePow.swift */,
				CCB2FFBE1DDD7BDE005A297C /* SurgeExponential.swift */,
				CCB2FFBC1DDD7BAB005A297C /* SurgeArithmetic.swift */,
				2D72DA231DEEA5A70028D1CF /* LPKMeans.swift */,
			);
			name = Utils;
			sourceTree = "<group>";
		};
/* End PBXGroup section */

/* Begin PBXHeadersBuildPhase section */
		CC10A0721DD441D500C1ED90 /* Headers */ = {
			isa = PBXHeadersBuildPhase;
			buildActionMask = 2147483647;
			files = (
				CC10A0791DD441D500C1ED90 /* Lepton.h in Headers */,
			);
			runOnlyForDeploymentPostprocessing = 0;
		};
/* End PBXHeadersBuildPhase section */

/* Begin PBXNativeTarget section */
		CC10A0741DD441D500C1ED90 /* Lepton */ = {
			isa = PBXNativeTarget;
			buildConfigurationList = CC10A0891DD441D500C1ED90 /* Build configuration list for PBXNativeTarget "Lepton" */;
			buildPhases = (
				CC10A0701DD441D500C1ED90 /* Sources */,
				CC10A0711DD441D500C1ED90 /* Frameworks */,
				CC10A0721DD441D500C1ED90 /* Headers */,
				CC10A0731DD441D500C1ED90 /* Resources */,
			);
			buildRules = (
			);
			dependencies = (
			);
			name = Lepton;
			productName = Lepton;
			productReference = CC10A0751DD441D500C1ED90 /* Lepton.framework */;
			productType = "com.apple.product-type.framework";
		};
		CC10A07E1DD441D500C1ED90 /* LeptonTests */ = {
			isa = PBXNativeTarget;
			buildConfigurationList = CC10A08C1DD441D500C1ED90 /* Build configuration list for PBXNativeTarget "LeptonTests" */;
			buildPhases = (
				CC10A07B1DD441D500C1ED90 /* Sources */,
				CC10A07C1DD441D500C1ED90 /* Frameworks */,
				CC10A07D1DD441D500C1ED90 /* Resources */,
			);
			buildRules = (
			);
			dependencies = (
				CC10A0821DD441D500C1ED90 /* PBXTargetDependency */,
			);
			name = LeptonTests;
			productName = LeptonTests;
			productReference = CC10A07F1DD441D500C1ED90 /* LeptonTests.xctest */;
			productType = "com.apple.product-type.bundle.unit-test";
		};
/* End PBXNativeTarget section */

/* Begin PBXProject section */
		CC10A06C1DD441D500C1ED90 /* Project object */ = {
			isa = PBXProject;
			attributes = {
				LastSwiftUpdateCheck = 0720;
				LastUpgradeCheck = 0810;
				ORGANIZATIONNAME = "Rameez Remsudeen";
				TargetAttributes = {
					CC10A0741DD441D500C1ED90 = {
						CreatedOnToolsVersion = 7.2;
						LastSwiftMigration = 0810;
					};
					CC10A07E1DD441D500C1ED90 = {
						CreatedOnToolsVersion = 7.2;
					};
				};
			};
			buildConfigurationList = CC10A06F1DD441D500C1ED90 /* Build configuration list for PBXProject "Lepton" */;
			compatibilityVersion = "Xcode 3.2";
			developmentRegion = English;
			hasScannedForEncodings = 0;
			knownRegions = (
				en,
			);
			mainGroup = CC10A06B1DD441D500C1ED90;
			productRefGroup = CC10A0761DD441D500C1ED90 /* Products */;
			projectDirPath = "";
			projectRoot = "";
			targets = (
				CC10A0741DD441D500C1ED90 /* Lepton */,
				CC10A07E1DD441D500C1ED90 /* LeptonTests */,
			);
		};
/* End PBXProject section */

/* Begin PBXResourcesBuildPhase section */
		CC10A0731DD441D500C1ED90 /* Resources */ = {
			isa = PBXResourcesBuildPhase;
			buildActionMask = 2147483647;
			files = (
			);
			runOnlyForDeploymentPostprocessing = 0;
		};
		CC10A07D1DD441D500C1ED90 /* Resources */ = {
			isa = PBXResourcesBuildPhase;
			buildActionMask = 2147483647;
			files = (
				2D0D0C511DEA7092008B35A6 /* seaSideTest.jpg in Resources */,
			);
			runOnlyForDeploymentPostprocessing = 0;
		};
/* End PBXResourcesBuildPhase section */

/* Begin PBXSourcesBuildPhase section */
		CC10A0701DD441D500C1ED90 /* Sources */ = {
			isa = PBXSourcesBuildPhase;
			buildActionMask = 2147483647;
			files = (
				2D8B27821DF8D99700D538FF /* LPKMeans.metal in Sources */,
				CC22601B1DDE545B00A7D582 /* SurgeArithmetic.swift in Sources */,
				2D1FBF121DF3919E0010658B /* LPImageSegment.swift in Sources */,
				13325B7C1DF8E3140043F5CD /* LPGPUKMeans.swift in Sources */,
				2D3C5DEC1DED561C00C3D4E6 /* LPFilters.metal in Sources */,
				CCEE3C2F1DDAA83D00524F6F /* LPEngine.swift in Sources */,
				2D60A0001DEFB5DB0098AD9A /* LPColorUtils.swift in Sources */,
				B8600CAE1DDD78DA0019B31E /* img2col.swift in Sources */,
				2D0D0C4C1DEA4E96008B35A6 /* LPMetalContext.swift in Sources */,
				CC08BF211DDBCDE600F82684 /* LPPixel.swift in Sources */,
				CCB2FFC11DDD7C0C005A297C /* SurgePow.swift in Sources */,
				CCEE3C321DDAA8C600524F6F /* LPImageFilter.swift in Sources */,
				2D72DA241DEEA5A70028D1CF /* LPKMeans.swift in Sources */,
				CCB2FFBF1DDD7BDE005A297C /* SurgeExponential.swift in Sources */,
				2D72DA221DEE87890028D1CF /* LPGPUImageFilter.swift in Sources */,
				CCB2FFBB1DDD7AE7005A297C /* SurgeMatrix.swift in Sources */,
			);
			runOnlyForDeploymentPostprocessing = 0;
		};
		CC10A07B1DD441D500C1ED90 /* Sources */ = {
			isa = PBXSourcesBuildPhase;
			buildActionMask = 2147483647;
			files = (
				CC22601C1DDE548600A7D582 /* SurgeArithmetic.swift in Sources */,
				CC22601D1DDE548A00A7D582 /* SurgeExponential.swift in Sources */,
				CCEE3C331DDAA8C600524F6F /* LPImageFilter.swift in Sources */,
				2D0D0C4E1DEA5B07008B35A6 /* PerformanceTests.swift in Sources */,
				B8D3483C1DDEABE8005D56BF /* img2col.swift in Sources */,
				B8600CB01DDD807A0019B31E /* Img2ColTests.swift in Sources */,
				B8600CB11DDD88EE0019B31E /* LPPixel.swift in Sources */,
				CC10A0851DD441D500C1ED90 /* LeptonTests.swift in Sources */,
				CCEE3C301DDAA83D00524F6F /* LPEngine.swift in Sources */,
				CC22601E1DDE548F00A7D582 /* SurgeMatrix.swift in Sources */,
				CC22601F1DDE548F00A7D582 /* SurgePow.swift in Sources */,
			);
			runOnlyForDeploymentPostprocessing = 0;
		};
/* End PBXSourcesBuildPhase section */

/* Begin PBXTargetDependency section */
		CC10A0821DD441D500C1ED90 /* PBXTargetDependency */ = {
			isa = PBXTargetDependency;
			target = CC10A0741DD441D500C1ED90 /* Lepton */;
			targetProxy = CC10A0811DD441D500C1ED90 /* PBXContainerItemProxy */;
		};
/* End PBXTargetDependency section */

/* Begin XCBuildConfiguration section */
		CC10A0871DD441D500C1ED90 /* Debug */ = {
			isa = XCBuildConfiguration;
			buildSettings = {
				ALWAYS_SEARCH_USER_PATHS = NO;
				CLANG_CXX_LANGUAGE_STANDARD = "gnu++0x";
				CLANG_CXX_LIBRARY = "libc++";
				CLANG_ENABLE_MODULES = YES;
				CLANG_ENABLE_OBJC_ARC = YES;
				CLANG_WARN_BOOL_CONVERSION = YES;
				CLANG_WARN_CONSTANT_CONVERSION = YES;
				CLANG_WARN_DIRECT_OBJC_ISA_USAGE = YES_ERROR;
				CLANG_WARN_EMPTY_BODY = YES;
				CLANG_WARN_ENUM_CONVERSION = YES;
				CLANG_WARN_INFINITE_RECURSION = YES;
				CLANG_WARN_INT_CONVERSION = YES;
				CLANG_WARN_OBJC_ROOT_CLASS = YES_ERROR;
				CLANG_WARN_SUSPICIOUS_MOVE = YES;
				CLANG_WARN_UNREACHABLE_CODE = YES;
				CLANG_WARN__DUPLICATE_METHOD_MATCH = YES;
				"CODE_SIGN_IDENTITY[sdk=iphoneos*]" = "iPhone Developer";
				COPY_PHASE_STRIP = NO;
				CURRENT_PROJECT_VERSION = 1;
				DEBUG_INFORMATION_FORMAT = dwarf;
				ENABLE_STRICT_OBJC_MSGSEND = YES;
				ENABLE_TESTABILITY = YES;
				GCC_C_LANGUAGE_STANDARD = gnu99;
				GCC_DYNAMIC_NO_PIC = NO;
				GCC_NO_COMMON_BLOCKS = YES;
				GCC_OPTIMIZATION_LEVEL = 0;
				GCC_PREPROCESSOR_DEFINITIONS = (
					"DEBUG=1",
					"$(inherited)",
				);
				GCC_WARN_64_TO_32_BIT_CONVERSION = YES;
				GCC_WARN_ABOUT_RETURN_TYPE = YES_ERROR;
				GCC_WARN_UNDECLARED_SELECTOR = YES;
				GCC_WARN_UNINITIALIZED_AUTOS = YES_AGGRESSIVE;
				GCC_WARN_UNUSED_FUNCTION = YES;
				GCC_WARN_UNUSED_VARIABLE = YES;
				IPHONEOS_DEPLOYMENT_TARGET = 9.2;
				MTL_ENABLE_DEBUG_INFO = YES;
				ONLY_ACTIVE_ARCH = YES;
				SDKROOT = iphoneos;
				SWIFT_OPTIMIZATION_LEVEL = "-Onone";
				SWIFT_VERSION = 3.0.1;
				TARGETED_DEVICE_FAMILY = "1,2";
				VERSIONING_SYSTEM = "apple-generic";
				VERSION_INFO_PREFIX = "";
			};
			name = Debug;
		};
		CC10A0881DD441D500C1ED90 /* Release */ = {
			isa = XCBuildConfiguration;
			buildSettings = {
				ALWAYS_SEARCH_USER_PATHS = NO;
				CLANG_CXX_LANGUAGE_STANDARD = "gnu++0x";
				CLANG_CXX_LIBRARY = "libc++";
				CLANG_ENABLE_MODULES = YES;
				CLANG_ENABLE_OBJC_ARC = YES;
				CLANG_WARN_BOOL_CONVERSION = YES;
				CLANG_WARN_CONSTANT_CONVERSION = YES;
				CLANG_WARN_DIRECT_OBJC_ISA_USAGE = YES_ERROR;
				CLANG_WARN_EMPTY_BODY = YES;
				CLANG_WARN_ENUM_CONVERSION = YES;
				CLANG_WARN_INFINITE_RECURSION = YES;
				CLANG_WARN_INT_CONVERSION = YES;
				CLANG_WARN_OBJC_ROOT_CLASS = YES_ERROR;
				CLANG_WARN_SUSPICIOUS_MOVE = YES;
				CLANG_WARN_UNREACHABLE_CODE = YES;
				CLANG_WARN__DUPLICATE_METHOD_MATCH = YES;
				"CODE_SIGN_IDENTITY[sdk=iphoneos*]" = "iPhone Developer";
				COPY_PHASE_STRIP = NO;
				CURRENT_PROJECT_VERSION = 1;
				DEBUG_INFORMATION_FORMAT = "dwarf-with-dsym";
				ENABLE_NS_ASSERTIONS = NO;
				ENABLE_STRICT_OBJC_MSGSEND = YES;
				GCC_C_LANGUAGE_STANDARD = gnu99;
				GCC_NO_COMMON_BLOCKS = YES;
				GCC_WARN_64_TO_32_BIT_CONVERSION = YES;
				GCC_WARN_ABOUT_RETURN_TYPE = YES_ERROR;
				GCC_WARN_UNDECLARED_SELECTOR = YES;
				GCC_WARN_UNINITIALIZED_AUTOS = YES_AGGRESSIVE;
				GCC_WARN_UNUSED_FUNCTION = YES;
				GCC_WARN_UNUSED_VARIABLE = YES;
				IPHONEOS_DEPLOYMENT_TARGET = 9.2;
				MTL_ENABLE_DEBUG_INFO = NO;
				SDKROOT = iphoneos;
				SWIFT_OPTIMIZATION_LEVEL = "-Owholemodule";
				SWIFT_VERSION = 3.0.1;
				TARGETED_DEVICE_FAMILY = "1,2";
				VALIDATE_PRODUCT = YES;
				VERSIONING_SYSTEM = "apple-generic";
				VERSION_INFO_PREFIX = "";
			};
			name = Release;
		};
		CC10A08A1DD441D500C1ED90 /* Debug */ = {
			isa = XCBuildConfiguration;
			buildSettings = {
				CLANG_ENABLE_MODULES = YES;
				"CODE_SIGN_IDENTITY[sdk=iphoneos*]" = "";
				DEFINES_MODULE = YES;
				DYLIB_COMPATIBILITY_VERSION = 1;
				DYLIB_CURRENT_VERSION = 1;
				DYLIB_INSTALL_NAME_BASE = "@rpath";
				INFOPLIST_FILE = Lepton/Info.plist;
				INSTALL_PATH = "$(LOCAL_LIBRARY_DIR)/Frameworks";
				LD_RUNPATH_SEARCH_PATHS = "$(inherited) @executable_path/Frameworks @loader_path/Frameworks";
				New_Setting = "";
				PRODUCT_BUNDLE_IDENTIFIER = WR.Lepton;
				PRODUCT_NAME = "$(TARGET_NAME)";
				SKIP_INSTALL = YES;
				SWIFT_OPTIMIZATION_LEVEL = "-Onone";
				SWIFT_VERSION = 3.0.1;
			};
			name = Debug;
		};
		CC10A08B1DD441D500C1ED90 /* Release */ = {
			isa = XCBuildConfiguration;
			buildSettings = {
				CLANG_ENABLE_MODULES = YES;
				"CODE_SIGN_IDENTITY[sdk=iphoneos*]" = "";
				DEFINES_MODULE = YES;
				DYLIB_COMPATIBILITY_VERSION = 1;
				DYLIB_CURRENT_VERSION = 1;
				DYLIB_INSTALL_NAME_BASE = "@rpath";
				INFOPLIST_FILE = Lepton/Info.plist;
				INSTALL_PATH = "$(LOCAL_LIBRARY_DIR)/Frameworks";
				LD_RUNPATH_SEARCH_PATHS = "$(inherited) @executable_path/Frameworks @loader_path/Frameworks";
				New_Setting = "";
				PRODUCT_BUNDLE_IDENTIFIER = WR.Lepton;
				PRODUCT_NAME = "$(TARGET_NAME)";
				SKIP_INSTALL = YES;
				SWIFT_VERSION = 3.0.1;
			};
			name = Release;
		};
		CC10A08D1DD441D500C1ED90 /* Debug */ = {
			isa = XCBuildConfiguration;
			buildSettings = {
				INFOPLIST_FILE = LeptonTests/Info.plist;
				LD_RUNPATH_SEARCH_PATHS = "$(inherited) @executable_path/Frameworks @loader_path/Frameworks";
				PRODUCT_BUNDLE_IDENTIFIER = WR.LeptonTests;
				PRODUCT_NAME = "$(TARGET_NAME)";
			};
			name = Debug;
		};
		CC10A08E1DD441D500C1ED90 /* Release */ = {
			isa = XCBuildConfiguration;
			buildSettings = {
				INFOPLIST_FILE = LeptonTests/Info.plist;
				LD_RUNPATH_SEARCH_PATHS = "$(inherited) @executable_path/Frameworks @loader_path/Frameworks";
				PRODUCT_BUNDLE_IDENTIFIER = WR.LeptonTests;
				PRODUCT_NAME = "$(TARGET_NAME)";
			};
			name = Release;
		};
/* End XCBuildConfiguration section */

/* Begin XCConfigurationList section */
		CC10A06F1DD441D500C1ED90 /* Build configuration list for PBXProject "Lepton" */ = {
			isa = XCConfigurationList;
			buildConfigurations = (
				CC10A0871DD441D500C1ED90 /* Debug */,
				CC10A0881DD441D500C1ED90 /* Release */,
			);
			defaultConfigurationIsVisible = 0;
			defaultConfigurationName = Release;
		};
		CC10A0891DD441D500C1ED90 /* Build configuration list for PBXNativeTarget "Lepton" */ = {
			isa = XCConfigurationList;
			buildConfigurations = (
				CC10A08A1DD441D500C1ED90 /* Debug */,
				CC10A08B1DD441D500C1ED90 /* Release */,
			);
			defaultConfigurationIsVisible = 0;
			defaultConfigurationName = Release;
		};
		CC10A08C1DD441D500C1ED90 /* Build configuration list for PBXNativeTarget "LeptonTests" */ = {
			isa = XCConfigurationList;
			buildConfigurations = (
				CC10A08D1DD441D500C1ED90 /* Debug */,
				CC10A08E1DD441D500C1ED90 /* Release */,
			);
			defaultConfigurationIsVisible = 0;
			defaultConfigurationName = Release;
		};
/* End XCConfigurationList section */
	};
	rootObject = CC10A06C1DD441D500C1ED90 /* Project object */;
}
